
Microsoft Visual Studio Solution File, Format Version 12.00
# Visual Studio Version 17
VisualStudioVersion = 17.5.33530.505
MinimumVisualStudioVersion = 10.0.40219.1
Project("{FAE04EC0-301F-11D3-BF4B-00C04F79EFBC}") = "ASP-NET-gettingStarted", "ASP-NET-gettingStarted\ASP-NET-gettingStarted.csproj", "{1B6D8914-32E3-4623-BC70-262B6EF1D902}"
EndProject
Global
	GlobalSection(SolutionConfigurationPlatforms) = preSolution
		Debug|Any CPU = Debug|Any CPU
		Release|Any CPU = Release|Any CPU
	EndGlobalSection
	GlobalSection(ProjectConfigurationPlatforms) = postSolution
		{1B6D8914-32E3-4623-BC70-262B6EF1D902}.Debug|Any CPU.ActiveCfg = Debug|Any CPU
		{1B6D8914-32E3-4623-BC70-262B6EF1D902}.Debug|Any CPU.Build.0 = Debug|Any CPU
		{1B6D8914-32E3-4623-BC70-262B6EF1D902}.Release|Any CPU.ActiveCfg = Release|Any CPU
		{1B6D8914-32E3-4623-BC70-262B6EF1D902}.Release|Any CPU.Build.0 = Release|Any CPU
	EndGlobalSection
	GlobalSection(SolutionProperties) = preSolution
		HideSolutionNode = FALSE
	EndGlobalSection
	GlobalSection(ExtensibilityGlobals) = postSolution
		SolutionGuid = {FACEA42F-1CB2-4F3A-A22B-BF2A61B76899}
	EndGlobalSection
EndGlobal
